# This file is automatically @generated by Poetry 1.4.1 and should not be changed by hand.

[[package]]
name = "boto3"
version = "1.26.95"
description = "The AWS SDK for Python"
category = "main"
optional = false
python-versions = ">= 3.7"
files = [
    {file = "boto3-1.26.95-py3-none-any.whl", hash = "sha256:2f07523d45da7a970d18037676e1fb78401ce3f44f4cc26a6a991be8c519b62b"},
    {file = "boto3-1.26.95.tar.gz", hash = "sha256:945d32fa9bbbb5fc775378bc2c19278797b54ad57e24bd4dbd46ab27f0938152"},
]

[package.dependencies]
botocore = ">=1.29.95,<1.30.0"
jmespath = ">=0.7.1,<2.0.0"
s3transfer = ">=0.6.0,<0.7.0"

[package.extras]
crt = ["botocore[crt] (>=1.21.0,<2.0a0)"]

[[package]]
name = "botocore"
version = "1.29.95"
description = "Low-level, data-driven core of boto 3."
category = "main"
optional = false
python-versions = ">= 3.7"
files = [
    {file = "botocore-1.29.95-py3-none-any.whl", hash = "sha256:5f5f1c8125f8c331f561ca0a7a892f709df206714c306c48fd907eee469926cb"},
    {file = "botocore-1.29.95.tar.gz", hash = "sha256:e9ffd4a2fc415c313eda03713c212e3121084fdcb21e20aac5b15924a4ae5a9d"},
]

[package.dependencies]
jmespath = ">=0.7.1,<2.0.0"
python-dateutil = ">=2.1,<3.0.0"
urllib3 = ">=1.25.4,<1.27"

[package.extras]
crt = ["awscrt (==0.16.9)"]

[[package]]
name = "click"
version = "6.6"
description = "A simple wrapper around optparse for powerful command line utilities."
category = "main"
optional = false
python-versions = "*"
files = [
    {file = "click-6.6-py2.py3-none-any.whl", hash = "sha256:fcf697e1fd4b567d817c69dab10a4035937fe6af175c05fd6806b69f74cbc6c4"},
    {file = "click-6.6.tar.gz", hash = "sha256:cc6a19da8ebff6e7074f731447ef7e112bd23adf3de5c597cf9989f2fd8defe9"},
]

[[package]]
name = "jmespath"
version = "1.0.1"
description = "JSON Matching Expressions"
category = "main"
optional = false
python-versions = ">=3.7"
files = [
    {file = "jmespath-1.0.1-py3-none-any.whl", hash = "sha256:02e2e4cc71b5bcab88332eebf907519190dd9e6e82107fa7f83b1003a6252980"},
    {file = "jmespath-1.0.1.tar.gz", hash = "sha256:90261b206d6defd58fdd5e85f478bf633a2901798906be2ad389150c5c60edbe"},
]

[[package]]
name = "python-dateutil"
version = "2.8.2"
description = "Extensions to the standard Python datetime module"
category = "main"
optional = false
python-versions = "!=3.0.*,!=3.1.*,!=3.2.*,>=2.7"
files = [
    {file = "python-dateutil-2.8.2.tar.gz", hash = "sha256:0123cacc1627ae19ddf3c27a5de5bd67ee4586fbdd6440d9748f8abb483d3e86"},
    {file = "python_dateutil-2.8.2-py2.py3-none-any.whl", hash = "sha256:961d03dc3453ebbc59dbdea9e4e11c5651520a876d0f4db161e8674aae935da9"},
]

[package.dependencies]
six = ">=1.5"

[[package]]
name = "python-lambda"
version = "11.8.0"
description = "The bare minimum for a Python app running on Amazon Lambda."
category = "main"
optional = false
python-versions = "*"
files = [
    {file = "python-lambda-11.8.0.tar.gz", hash = "sha256:8ab77997982dac3a4a1e9683df18074322c8011ca373f3c90975c4d983c5c528"},
    {file = "python_lambda-11.8.0-py3-none-any.whl", hash = "sha256:7301c5ba6323497278ea79f0052d692099a9113d4cdeabae93ef784cda3d8436"},
]

[package.dependencies]
boto3 = ">=1.4.4"
click = "6.6"
PyYAML = "5.1"

[[package]]
name = "pyyaml"
version = "5.1"
description = "YAML parser and emitter for Python"
category = "main"
optional = false
python-versions = "*"
files = [
    {file = "PyYAML-5.1-cp27-cp27m-win32.whl", hash = "sha256:460a5a4248763f6f37ea225d19d5c205677d8d525f6a83357ca622ed541830c2"},
    {file = "PyYAML-5.1-cp27-cp27m-win_amd64.whl", hash = "sha256:9372b04a02080752d9e6f990179a4ab840227c6e2ce15b95e1278456664cf2ba"},
    {file = "PyYAML-5.1-cp34-cp34m-win32.whl", hash = "sha256:aee5bab92a176e7cd034e57f46e9df9a9862a71f8f37cad167c6fc74c65f5b4e"},
    {file = "PyYAML-5.1-cp34-cp34m-win_amd64.whl", hash = "sha256:c51f642898c0bacd335fc119da60baae0824f2cde95b0330b56c0553439f0673"},
    {file = "PyYAML-5.1-cp35-cp35m-win32.whl", hash = "sha256:a5dcbebee834eaddf3fa7366316b880ff4062e4bcc9787b78c7fbb4a26ff2dd1"},
    {file = "PyYAML-5.1-cp35-cp35m-win_amd64.whl", hash = "sha256:7a5d3f26b89d688db27822343dfa25c599627bc92093e788956372285c6298ad"},
    {file = "PyYAML-5.1-cp36-cp36m-win32.whl", hash = "sha256:1adecc22f88d38052fb787d959f003811ca858b799590a5eaa70e63dca50308c"},
    {file = "PyYAML-5.1-cp36-cp36m-win_amd64.whl", hash = "sha256:5a22a9c84653debfbf198d02fe592c176ea548cccce47553f35f466e15cf2fd4"},
    {file = "PyYAML-5.1-cp37-cp37m-win32.whl", hash = "sha256:e23d0cc5299223dcc37885dae624f382297717e459ea24053709675a976a3e19"},
    {file = "PyYAML-5.1-cp37-cp37m-win_amd64.whl", hash = "sha256:c68ea4d3ba1705da1e0d85da6684ac657912679a649e8868bd850d2c299cce13"},
    {file = "PyYAML-5.1.tar.gz", hash = "sha256:436bc774ecf7c103814098159fbb84c2715d25980175292c648f2da143909f95"},
]

[[package]]
name = "s3transfer"
version = "0.6.0"
description = "An Amazon S3 Transfer Manager"
category = "main"
optional = false
python-versions = ">= 3.7"
files = [
    {file = "s3transfer-0.6.0-py3-none-any.whl", hash = "sha256:06176b74f3a15f61f1b4f25a1fc29a4429040b7647133a463da8fa5bd28d5ecd"},
    {file = "s3transfer-0.6.0.tar.gz", hash = "sha256:2ed07d3866f523cc561bf4a00fc5535827981b117dd7876f036b0c1aca42c947"},
]

[package.dependencies]
botocore = ">=1.12.36,<2.0a.0"

[package.extras]
crt = ["botocore[crt] (>=1.20.29,<2.0a.0)"]

[[package]]
name = "six"
version = "1.16.0"
description = "Python 2 and 3 compatibility utilities"
category = "main"
optional = false
python-versions = ">=2.7, !=3.0.*, !=3.1.*, !=3.2.*"
files = [
    {file = "six-1.16.0-py2.py3-none-any.whl", hash = "sha256:8abb2f1d86890a2dfb989f9a77cfcfd3e47c2a354b01111771326f8aa26e0254"},
    {file = "six-1.16.0.tar.gz", hash = "sha256:1e61c37477a1626458e36f7b1d82aa5c9b094fa4802892072e49de9c60c4c926"},
]

[[package]]
name = "slack-bolt"
version = "1.16.4"
description = "The Bolt Framework for Python"
category = "main"
optional = false
python-versions = ">=3.6"
files = [
    {file = "slack_bolt-1.16.4-py2.py3-none-any.whl", hash = "sha256:21819e680b9ac64e9228ba3d586367bf550710c16d0f4dc1729fc81f7ec1ac55"},
    {file = "slack_bolt-1.16.4.tar.gz", hash = "sha256:3b4eeb72a7ecbfc83957de20d72196dfcef7b705bef8124719d703f7156094db"},
]

[package.dependencies]
slack-sdk = ">=3.20.2,<4"

[package.extras]
adapter = ["CherryPy (>=18,<19)", "Django (>=3,<5)", "Flask (>=1,<3)", "Werkzeug (>=2,<3)", "boto3 (<=2)", "bottle (>=0.12,<1)", "chalice (<=1.27.3)", "falcon (>=2,<4)", "fastapi (>=0.70.0,<1)", "gunicorn (>=20,<21)", "pyramid (>=1,<3)", "sanic (>=22,<23)", "starlette (>=0.14,<1)", "tornado (>=6,<7)", "uvicorn (<1)", "websocket-client (>=1.2.3,<2)"]
adapter-testing = ["Flask (>=1,<2)", "Werkzeug (>=1,<2)", "boddle (>=0.2,<0.3)", "docker (>=5,<6)", "moto (>=3,<4)", "requests (>=2,<3)", "sanic-testing (>=0.7)"]
async = ["aiohttp (>=3,<4)", "websockets (>=10,<11)"]
testing = ["Flask-Sockets (>=0.2,<1)", "Jinja2 (==3.0.3)", "Werkzeug (>=1,<2)", "aiohttp (>=3,<4)", "black (==22.8.0)", "click (<=8.0.4)", "itsdangerous (==2.0.1)", "pytest (>=6.2.5,<7)", "pytest-asyncio (>=0.18.2,<1)", "pytest-cov (>=3,<4)"]
testing-without-asyncio = ["Flask-Sockets (>=0.2,<1)", "Jinja2 (==3.0.3)", "Werkzeug (>=1,<2)", "black (==22.8.0)", "click (<=8.0.4)", "itsdangerous (==2.0.1)", "pytest (>=6.2.5,<7)", "pytest-cov (>=3,<4)"]

[[package]]
name = "slack-sdk"
version = "3.20.2"
description = "The Slack API Platform SDK for Python"
category = "main"
optional = false
python-versions = ">=3.6.0"
files = [
    {file = "slack_sdk-3.20.2-py2.py3-none-any.whl", hash = "sha256:224fcb4fef9575226e76555d9a0acdbd93d7596a416bc3ae7b443b3b64e9f0e3"},
    {file = "slack_sdk-3.20.2.tar.gz", hash = "sha256:f61db1f6e49dd2ee84e82ddb5d1c5db7a5987b8be9ba975dc00799334c84f8cd"},
]

[package.extras]
optional = ["SQLAlchemy (>=1.4,<3)", "aiodns (>1.0)", "aiohttp (>=3.7.3,<4)", "boto3 (<=2)", "websocket-client (>=1,<2)", "websockets (>=10,<11)"]
testing = ["Flask (>=1,<2)", "Flask-Sockets (>=0.2,<1)", "Jinja2 (==3.0.3)", "Werkzeug (<2)", "black (==22.8.0)", "boto3 (<=2)", "click (==8.0.4)", "codecov (>=2,<3)", "databases (>=0.5)", "flake8 (>=5,<6)", "itsdangerous (==1.1.0)", "moto (>=3,<4)", "psutil (>=5,<6)", "pytest (>=6.2.5,<7)", "pytest-asyncio (<1)", "pytest-cov (>=2,<3)"]

[[package]]
name = "urllib3"
version = "1.26.15"
description = "HTTP library with thread-safe connection pooling, file post, and more."
category = "main"
optional = false
python-versions = ">=2.7, !=3.0.*, !=3.1.*, !=3.2.*, !=3.3.*, !=3.4.*, !=3.5.*"
files = [
    {file = "urllib3-1.26.15-py2.py3-none-any.whl", hash = "sha256:aa751d169e23c7479ce47a0cb0da579e3ede798f994f5816a74e4f4500dcea42"},
    {file = "urllib3-1.26.15.tar.gz", hash = "sha256:8a388717b9476f934a21484e8c8e61875ab60644d29b9b39e11e4b9dc1c6b305"},
]

[package.extras]
brotli = ["brotli (>=1.0.9)", "brotlicffi (>=0.8.0)", "brotlipy (>=0.6.0)"]
secure = ["certifi", "cryptography (>=1.3.4)", "idna (>=2.0.0)", "ipaddress", "pyOpenSSL (>=0.14)", "urllib3-secure-extra"]
socks = ["PySocks (>=1.5.6,!=1.5.7,<2.0)"]

[metadata]
lock-version = "2.0"
python-versions = "^3.10"
content-hash = "d44552389ce54dd6b38bd5450bd5eb0957ae1a96e2a5038ea733766fa7590ab0"
